
Microsoft Visual Studio Solution File, Format Version 12.00
# Visual Studio 14
VisualStudioVersion = 14.0.25420.1
MinimumVisualStudioVersion = 10.0.40219.1
Project("{FAE04EC0-301F-11D3-BF4B-00C04F79EFBC}") = "OA.Model", "OA.Model\OA.Model.csproj", "{EF0C73D8-E13B-4720-9998-0E9CF510FB5C}"
EndProject
Project("{2150E333-8FDC-42A3-9474-1A3956D46DE8}") = "DAL", "DAL", "{391B4C5F-59AC-48DA-903F-6809C6507D92}"
EndProject
Project("{FAE04EC0-301F-11D3-BF4B-00C04F79EFBC}") = "OA.DAL", "OA.DAL\OA.DAL.csproj", "{6DD858CB-BF00-4589-9DF4-42B9614C0E4C}"
EndProject
Project("{FAE04EC0-301F-11D3-BF4B-00C04F79EFBC}") = "OA.IDAL", "OA.IDAL\OA.IDAL.csproj", "{C12C501C-74B7-4DAE-B732-EAA3EEE2D3F0}"
EndProject
Project("{FAE04EC0-301F-11D3-BF4B-00C04F79EFBC}") = "OA.DalFactory", "OA.DalFactory\OA.DalFactory.csproj", "{6AA57413-EB47-49E7-B7A8-E99D83B2A5C7}"
EndProject
Project("{2150E333-8FDC-42A3-9474-1A3956D46DE8}") = "BLL", "BLL", "{552C7904-0649-49F5-BE90-48D103F5353D}"
EndProject
Project("{FAE04EC0-301F-11D3-BF4B-00C04F79EFBC}") = "OA.Service", "OA.Service\OA.Service.csproj", "{E45576DC-B549-4988-B9C8-53E1FDF3C9EE}"
EndProject
Project("{FAE04EC0-301F-11D3-BF4B-00C04F79EFBC}") = "OA.IService", "OA.IService\OA.IService.csproj", "{8F72DB6A-B927-4F7C-AC5F-121CC6A97416}"
EndProject
Project("{FAE04EC0-301F-11D3-BF4B-00C04F79EFBC}") = "OA.Common", "OA.Common\OA.Common.csproj", "{95A313EF-167B-4014-AE0B-2E0D1B3748DE}"
EndProject
Project("{FAE04EC0-301F-11D3-BF4B-00C04F79EFBC}") = "OA.UI", "OA.UI\OA.UI.csproj", "{F16AE999-3181-4680-B065-991FE0679E3D}"
EndProject
Project("{2150E333-8FDC-42A3-9474-1A3956D46DE8}") = "BackEndComponent", "BackEndComponent", "{55354773-3E72-484A-AA6D-56A5C1BFA1D2}"
EndProject
Project("{FAE04EC0-301F-11D3-BF4B-00C04F79EFBC}") = "OA.Component.Quartz", "OA.Component.Quartz\OA.Component.Quartz.csproj", "{1694882C-B61B-4823-9932-0058C5B3FE30}"
EndProject
Project("{FAE04EC0-301F-11D3-BF4B-00C04F79EFBC}") = "OA.WorkFlow", "OA.WorkFlow\OA.WorkFlow.csproj", "{45197E67-B8C1-4DEE-9A8C-6D9B91E31C81}"
EndProject
Global
	GlobalSection(SolutionConfigurationPlatforms) = preSolution
		Debug|Any CPU = Debug|Any CPU
		Release|Any CPU = Release|Any CPU
	EndGlobalSection
	GlobalSection(ProjectConfigurationPlatforms) = postSolution
		{EF0C73D8-E13B-4720-9998-0E9CF510FB5C}.Debug|Any CPU.ActiveCfg = Debug|Any CPU
		{EF0C73D8-E13B-4720-9998-0E9CF510FB5C}.Debug|Any CPU.Build.0 = Debug|Any CPU
		{EF0C73D8-E13B-4720-9998-0E9CF510FB5C}.Release|Any CPU.ActiveCfg = Release|Any CPU
		{EF0C73D8-E13B-4720-9998-0E9CF510FB5C}.Release|Any CPU.Build.0 = Release|Any CPU
		{6DD858CB-BF00-4589-9DF4-42B9614C0E4C}.Debug|Any CPU.ActiveCfg = Debug|Any CPU
		{6DD858CB-BF00-4589-9DF4-42B9614C0E4C}.Debug|Any CPU.Build.0 = Debug|Any CPU
		{6DD858CB-BF00-4589-9DF4-42B9614C0E4C}.Release|Any CPU.ActiveCfg = Release|Any CPU
		{6DD858CB-BF00-4589-9DF4-42B9614C0E4C}.Release|Any CPU.Build.0 = Release|Any CPU
		{C12C501C-74B7-4DAE-B732-EAA3EEE2D3F0}.Debug|Any CPU.ActiveCfg = Debug|Any CPU
		{C12C501C-74B7-4DAE-B732-EAA3EEE2D3F0}.Debug|Any CPU.Build.0 = Debug|Any CPU
		{C12C501C-74B7-4DAE-B732-EAA3EEE2D3F0}.Release|Any CPU.ActiveCfg = Release|Any CPU
		{C12C501C-74B7-4DAE-B732-EAA3EEE2D3F0}.Release|Any CPU.Build.0 = Release|Any CPU
		{6AA57413-EB47-49E7-B7A8-E99D83B2A5C7}.Debug|Any CPU.ActiveCfg = Debug|Any CPU
		{6AA57413-EB47-49E7-B7A8-E99D83B2A5C7}.Debug|Any CPU.Build.0 = Debug|Any CPU
		{6AA57413-EB47-49E7-B7A8-E99D83B2A5C7}.Release|Any CPU.ActiveCfg = Release|Any CPU
		{6AA57413-EB47-49E7-B7A8-E99D83B2A5C7}.Release|Any CPU.Build.0 = Release|Any CPU
		{E45576DC-B549-4988-B9C8-53E1FDF3C9EE}.Debug|Any CPU.ActiveCfg = Debug|Any CPU
		{E45576DC-B549-4988-B9C8-53E1FDF3C9EE}.Debug|Any CPU.Build.0 = Debug|Any CPU
		{E45576DC-B549-4988-B9C8-53E1FDF3C9EE}.Release|Any CPU.ActiveCfg = Release|Any CPU
		{E45576DC-B549-4988-B9C8-53E1FDF3C9EE}.Release|Any CPU.Build.0 = Release|Any CPU
		{8F72DB6A-B927-4F7C-AC5F-121CC6A97416}.Debug|Any CPU.ActiveCfg = Debug|Any CPU
		{8F72DB6A-B927-4F7C-AC5F-121CC6A97416}.Debug|Any CPU.Build.0 = Debug|Any CPU
		{8F72DB6A-B927-4F7C-AC5F-121CC6A97416}.Release|Any CPU.ActiveCfg = Release|Any CPU
		{8F72DB6A-B927-4F7C-AC5F-121CC6A97416}.Release|Any CPU.Build.0 = Release|Any CPU
		{95A313EF-167B-4014-AE0B-2E0D1B3748DE}.Debug|Any CPU.ActiveCfg = Debug|Any CPU
		{95A313EF-167B-4014-AE0B-2E0D1B3748DE}.Debug|Any CPU.Build.0 = Debug|Any CPU
		{95A313EF-167B-4014-AE0B-2E0D1B3748DE}.Release|Any CPU.ActiveCfg = Release|Any CPU
		{95A313EF-167B-4014-AE0B-2E0D1B3748DE}.Release|Any CPU.Build.0 = Release|Any CPU
		{F16AE999-3181-4680-B065-991FE0679E3D}.Debug|Any CPU.ActiveCfg = Debug|Any CPU
		{F16AE999-3181-4680-B065-991FE0679E3D}.Debug|Any CPU.Build.0 = Debug|Any CPU
		{F16AE999-3181-4680-B065-991FE0679E3D}.Release|Any CPU.ActiveCfg = Release|Any CPU
		{F16AE999-3181-4680-B065-991FE0679E3D}.Release|Any CPU.Build.0 = Release|Any CPU
		{1694882C-B61B-4823-9932-0058C5B3FE30}.Debug|Any CPU.ActiveCfg = Debug|Any CPU
		{1694882C-B61B-4823-9932-0058C5B3FE30}.Debug|Any CPU.Build.0 = Debug|Any CPU
		{1694882C-B61B-4823-9932-0058C5B3FE30}.Release|Any CPU.ActiveCfg = Release|Any CPU
		{1694882C-B61B-4823-9932-0058C5B3FE30}.Release|Any CPU.Build.0 = Release|Any CPU
		{45197E67-B8C1-4DEE-9A8C-6D9B91E31C81}.Debug|Any CPU.ActiveCfg = Debug|Any CPU
		{45197E67-B8C1-4DEE-9A8C-6D9B91E31C81}.Debug|Any CPU.Build.0 = Debug|Any CPU
		{45197E67-B8C1-4DEE-9A8C-6D9B91E31C81}.Release|Any CPU.ActiveCfg = Release|Any CPU
		{45197E67-B8C1-4DEE-9A8C-6D9B91E31C81}.Release|Any CPU.Build.0 = Release|Any CPU
	EndGlobalSection
	GlobalSection(SolutionProperties) = preSolution
		HideSolutionNode = FALSE
	EndGlobalSection
	GlobalSection(NestedProjects) = preSolution
		{6DD858CB-BF00-4589-9DF4-42B9614C0E4C} = {391B4C5F-59AC-48DA-903F-6809C6507D92}
		{C12C501C-74B7-4DAE-B732-EAA3EEE2D3F0} = {391B4C5F-59AC-48DA-903F-6809C6507D92}
		{6AA57413-EB47-49E7-B7A8-E99D83B2A5C7} = {391B4C5F-59AC-48DA-903F-6809C6507D92}
		{E45576DC-B549-4988-B9C8-53E1FDF3C9EE} = {552C7904-0649-49F5-BE90-48D103F5353D}
		{8F72DB6A-B927-4F7C-AC5F-121CC6A97416} = {552C7904-0649-49F5-BE90-48D103F5353D}
		{1694882C-B61B-4823-9932-0058C5B3FE30} = {55354773-3E72-484A-AA6D-56A5C1BFA1D2}
	EndGlobalSection
EndGlobal
